
Microsoft Visual Studio Solution File, Format Version 12.00
# Visual Studio Version 17
VisualStudioVersion = 17.8.34330.188
MinimumVisualStudioVersion = 10.0.40219.1
Project("{9A19103F-16F7-4668-BE54-9A1E7A4F7556}") = "NetworkMarketingManagement.API", "NetworkMarketingManagement.API\NetworkMarketingManagement.API.csproj", "{5DBDB65A-A917-433D-A9C6-555D65E9C958}"
EndProject
Project("{9A19103F-16F7-4668-BE54-9A1E7A4F7556}") = "NetworkManagementAPI.Entities", "NetworkManagementAPI.Entities\NetworkManagementAPI.Entities.csproj", "{B3F53546-D553-4587-B10D-AC0DEDE25518}"
EndProject
Project("{9A19103F-16F7-4668-BE54-9A1E7A4F7556}") = "NetworkManagmentAPI.Helper", "NetworkManagmentAPI.Helper\NetworkManagmentAPI.Helper.csproj", "{B3765BA7-B22F-44C4-944F-0E823A929AD0}"
EndProject
Project("{FAE04EC0-301F-11D3-BF4B-00C04F79EFBC}") = "NetworkManagmentAPI.Data", "NetworkManagmentAPI.Data\NetworkManagmentAPI.Data.csproj", "{C682FA11-6DED-4DDF-B7A4-09E1A386E0A0}"
EndProject
Global
	GlobalSection(SolutionConfigurationPlatforms) = preSolution
		Debug|Any CPU = Debug|Any CPU
		Release|Any CPU = Release|Any CPU
	EndGlobalSection
	GlobalSection(ProjectConfigurationPlatforms) = postSolution
		{5DBDB65A-A917-433D-A9C6-555D65E9C958}.Debug|Any CPU.ActiveCfg = Debug|Any CPU
		{5DBDB65A-A917-433D-A9C6-555D65E9C958}.Debug|Any CPU.Build.0 = Debug|Any CPU
		{5DBDB65A-A917-433D-A9C6-555D65E9C958}.Release|Any CPU.ActiveCfg = Release|Any CPU
		{5DBDB65A-A917-433D-A9C6-555D65E9C958}.Release|Any CPU.Build.0 = Release|Any CPU
		{B3F53546-D553-4587-B10D-AC0DEDE25518}.Debug|Any CPU.ActiveCfg = Debug|Any CPU
		{B3F53546-D553-4587-B10D-AC0DEDE25518}.Debug|Any CPU.Build.0 = Debug|Any CPU
		{B3F53546-D553-4587-B10D-AC0DEDE25518}.Release|Any CPU.ActiveCfg = Release|Any CPU
		{B3F53546-D553-4587-B10D-AC0DEDE25518}.Release|Any CPU.Build.0 = Release|Any CPU
		{B3765BA7-B22F-44C4-944F-0E823A929AD0}.Debug|Any CPU.ActiveCfg = Debug|Any CPU
		{B3765BA7-B22F-44C4-944F-0E823A929AD0}.Debug|Any CPU.Build.0 = Debug|Any CPU
		{B3765BA7-B22F-44C4-944F-0E823A929AD0}.Release|Any CPU.ActiveCfg = Release|Any CPU
		{B3765BA7-B22F-44C4-944F-0E823A929AD0}.Release|Any CPU.Build.0 = Release|Any CPU
		{C682FA11-6DED-4DDF-B7A4-09E1A386E0A0}.Debug|Any CPU.ActiveCfg = Debug|Any CPU
		{C682FA11-6DED-4DDF-B7A4-09E1A386E0A0}.Debug|Any CPU.Build.0 = Debug|Any CPU
		{C682FA11-6DED-4DDF-B7A4-09E1A386E0A0}.Release|Any CPU.ActiveCfg = Release|Any CPU
		{C682FA11-6DED-4DDF-B7A4-09E1A386E0A0}.Release|Any CPU.Build.0 = Release|Any CPU
	EndGlobalSection
	GlobalSection(SolutionProperties) = preSolution
		HideSolutionNode = FALSE
	EndGlobalSection
	GlobalSection(ExtensibilityGlobals) = postSolution
		SolutionGuid = {867377F3-E35F-49EE-A832-D181C19BC9CE}
	EndGlobalSection
EndGlobal
